# This file is generated by running "yarn install" inside your project.
# Manual changes might be lost - proceed with caution!

__metadata:
  version: 6
  cacheKey: 8

"@types/node@npm:^20.10.0":
  version: 20.17.9
  resolution: "@types/node@npm:20.17.9"
  dependencies:
    undici-types: ~6.19.2
  checksum: 2fc67ba937d2c4e7a52f0ccf71b8b4c616dcfa1ad6cd5a726582fd3cbf4f409c2eb44595592580f782c2ade05f8130df072dd04ac064fe150cfcd7849e643500
  languageName: node
  linkType: hard

"https@npm:^1.0.0":
  version: 1.0.0
  resolution: "https@npm:1.0.0"
  checksum: ccea8a8363a018d4b241db7748cff3a85c9f5b71bf80639e9c37dc6823f590f35dda098b80b726930e9f945387c8bfd6b1461df25cab5bf65a31903d81875b5d
  languageName: node
  linkType: hard

"pocketbase-installer@workspace:.":
  version: 0.0.0-use.local
  resolution: "pocketbase-installer@workspace:."
  dependencies:
    "@types/node": ^20.10.0
    https: ^1.0.0
    typescript: ^5.3.0
  bin:
    pocketbase-install: ./bin/pocketbase-install.js
  languageName: unknown
  linkType: soft

"typescript@npm:^5.3.0":
  version: 5.7.2
  resolution: "typescript@npm:5.7.2"
  bin:
    tsc: bin/tsc
    tsserver: bin/tsserver
  checksum: b55300c4cefee8ee380d14fa9359ccb41ff8b54c719f6bc49b424899d662a5ce62ece390ce769568c7f4d14af844085255e63788740084444eb12ef423b13433
  languageName: node
  linkType: hard

"typescript@patch:typescript@^5.3.0#~builtin<compat/typescript>":
  version: 5.7.2
  resolution: "typescript@patch:typescript@npm%3A5.7.2#~builtin<compat/typescript>::version=5.7.2&hash=29ae49"
  bin:
    tsc: bin/tsc
    tsserver: bin/tsserver
  checksum: 803430c6da2ba73c25a21880d8d4f08a56d9d2444e6db2ea949ac4abceeece8e4a442b7b9b585db7d8a0b47ebda2060e45fe8ee8b8aca23e27ec1d4844987ee6
  languageName: node
  linkType: hard

"undici-types@npm:~6.19.2":
  version: 6.19.8
  resolution: "undici-types@npm:6.19.8"
  checksum: de51f1b447d22571cf155dfe14ff6d12c5bdaec237c765085b439c38ca8518fc360e88c70f99469162bf2e14188a7b0bcb06e1ed2dc031042b984b0bb9544017
  languageName: node
  linkType: hard
